
Microsoft Visual Studio Solution File, Format Version 12.00
# Visual Studio 15
Project("{FAE04EC0-301F-11D3-BF4B-00C04F79EFBC}") = "Assembly-CSharp", "Assembly-CSharp.csproj", "{DE340E26-0CF2-CAB6-5B1A-FC30A8D2B752}"
EndProject
Project("{FAE04EC0-301F-11D3-BF4B-00C04F79EFBC}") = "PhotonUnityNetworking.Demos", "PhotonUnityNetworking.Demos.csproj", "{9B1C6C49-CDE0-670B-389B-92EC178A7EDE}"
EndProject
Project("{FAE04EC0-301F-11D3-BF4B-00C04F79EFBC}") = "PunDemos.DemoSlotcarEditor", "PunDemos.DemoSlotcarEditor.csproj", "{E92B1687-4C8F-DB00-4A5F-B309D3177292}"
EndProject
Project("{FAE04EC0-301F-11D3-BF4B-00C04F79EFBC}") = "KinoBloom.Runtime", "KinoBloom.Runtime.csproj", "{473A1DFB-9EF9-3B76-0DF2-D1222DD79D1C}"
EndProject
Project("{FAE04EC0-301F-11D3-BF4B-00C04F79EFBC}") = "PhotonUnityNetworking.Editor", "PhotonUnityNetworking.Editor.csproj", "{A2E9AFA8-66B0-CC09-7D4E-1F4070F7633A}"
EndProject
Project("{FAE04EC0-301F-11D3-BF4B-00C04F79EFBC}") = "PhotonUnityNetworking.Utilities", "PhotonUnityNetworking.Utilities.csproj", "{A567273B-1EDF-C10D-CFD9-C1EA9290AA2D}"
EndProject
Project("{FAE04EC0-301F-11D3-BF4B-00C04F79EFBC}") = "PhotonChat", "PhotonChat.csproj", "{BD00457B-18D7-70BF-816E-749A616744A7}"
EndProject
Project("{FAE04EC0-301F-11D3-BF4B-00C04F79EFBC}") = "CFXRDemo", "CFXRDemo.csproj", "{08ECEF8C-1996-F939-DDAB-49F7D02CCB8F}"
EndProject
Project("{FAE04EC0-301F-11D3-BF4B-00C04F79EFBC}") = "PhotonUnityNetworking.Utilities.PhotonPlayer.Editor", "PhotonUnityNetworking.Utilities.PhotonPlayer.Editor.csproj", "{7A1306BE-E50C-22E1-FFA0-82CA424155DD}"
EndProject
Project("{FAE04EC0-301F-11D3-BF4B-00C04F79EFBC}") = "PhotonUnityNetworking", "PhotonUnityNetworking.csproj", "{C7FDF2A1-2BDC-A686-8CD5-F9AAC52E843D}"
EndProject
Project("{FAE04EC0-301F-11D3-BF4B-00C04F79EFBC}") = "PhotonRealtime", "PhotonRealtime.csproj", "{9B810B5C-F593-83F2-CA74-DD1DD6951F39}"
EndProject
Project("{FAE04EC0-301F-11D3-BF4B-00C04F79EFBC}") = "PunDemos.DemoHubEditor", "PunDemos.DemoHubEditor.csproj", "{30637BDC-493B-1612-B047-A59EFE823F2D}"
EndProject
Project("{FAE04EC0-301F-11D3-BF4B-00C04F79EFBC}") = "CFXREditor", "CFXREditor.csproj", "{7D2F70CD-BE64-64A3-24BA-55D69B3B82BB}"
EndProject
Project("{FAE04EC0-301F-11D3-BF4B-00C04F79EFBC}") = "CFXRRuntime", "CFXRRuntime.csproj", "{3FDE4BF1-B2F0-88C4-C603-E289EA89CE2A}"
EndProject
Project("{FAE04EC0-301F-11D3-BF4B-00C04F79EFBC}") = "ToonyColorsPro.Demo.Editor", "ToonyColorsPro.Demo.Editor.csproj", "{20044F91-3F59-1E62-4466-DC659473E786}"
EndProject
Project("{FAE04EC0-301F-11D3-BF4B-00C04F79EFBC}") = "PhotonUnityNetworking.Utilities.Culling.Editor", "PhotonUnityNetworking.Utilities.Culling.Editor.csproj", "{E4A359B1-5A19-16EA-FA7E-FDAC79AC796F}"
EndProject
Global
	GlobalSection(SolutionConfigurationPlatforms) = preSolution
		Debug|Any CPU = Debug|Any CPU
		Release|Any CPU = Release|Any CPU
	EndGlobalSection
	GlobalSection(ProjectConfigurationPlatforms) = postSolution
		{DE340E26-0CF2-CAB6-5B1A-FC30A8D2B752}.Debug|Any CPU.ActiveCfg = Debug|Any CPU
		{DE340E26-0CF2-CAB6-5B1A-FC30A8D2B752}.Debug|Any CPU.Build.0 = Debug|Any CPU
		{DE340E26-0CF2-CAB6-5B1A-FC30A8D2B752}.Release|Any CPU.ActiveCfg = Release|Any CPU
		{DE340E26-0CF2-CAB6-5B1A-FC30A8D2B752}.Release|Any CPU.Build.0 = Release|Any CPU
		{9B1C6C49-CDE0-670B-389B-92EC178A7EDE}.Debug|Any CPU.ActiveCfg = Debug|Any CPU
		{9B1C6C49-CDE0-670B-389B-92EC178A7EDE}.Debug|Any CPU.Build.0 = Debug|Any CPU
		{9B1C6C49-CDE0-670B-389B-92EC178A7EDE}.Release|Any CPU.ActiveCfg = Release|Any CPU
		{9B1C6C49-CDE0-670B-389B-92EC178A7EDE}.Release|Any CPU.Build.0 = Release|Any CPU
		{E92B1687-4C8F-DB00-4A5F-B309D3177292}.Debug|Any CPU.ActiveCfg = Debug|Any CPU
		{E92B1687-4C8F-DB00-4A5F-B309D3177292}.Debug|Any CPU.Build.0 = Debug|Any CPU
		{E92B1687-4C8F-DB00-4A5F-B309D3177292}.Release|Any CPU.ActiveCfg = Release|Any CPU
		{E92B1687-4C8F-DB00-4A5F-B309D3177292}.Release|Any CPU.Build.0 = Release|Any CPU
		{473A1DFB-9EF9-3B76-0DF2-D1222DD79D1C}.Debug|Any CPU.ActiveCfg = Debug|Any CPU
		{473A1DFB-9EF9-3B76-0DF2-D1222DD79D1C}.Debug|Any CPU.Build.0 = Debug|Any CPU
		{473A1DFB-9EF9-3B76-0DF2-D1222DD79D1C}.Release|Any CPU.ActiveCfg = Release|Any CPU
		{473A1DFB-9EF9-3B76-0DF2-D1222DD79D1C}.Release|Any CPU.Build.0 = Release|Any CPU
		{A2E9AFA8-66B0-CC09-7D4E-1F4070F7633A}.Debug|Any CPU.ActiveCfg = Debug|Any CPU
		{A2E9AFA8-66B0-CC09-7D4E-1F4070F7633A}.Debug|Any CPU.Build.0 = Debug|Any CPU
		{A2E9AFA8-66B0-CC09-7D4E-1F4070F7633A}.Release|Any CPU.ActiveCfg = Release|Any CPU
		{A2E9AFA8-66B0-CC09-7D4E-1F4070F7633A}.Release|Any CPU.Build.0 = Release|Any CPU
		{A567273B-1EDF-C10D-CFD9-C1EA9290AA2D}.Debug|Any CPU.ActiveCfg = Debug|Any CPU
		{A567273B-1EDF-C10D-CFD9-C1EA9290AA2D}.Debug|Any CPU.Build.0 = Debug|Any CPU
		{A567273B-1EDF-C10D-CFD9-C1EA9290AA2D}.Release|Any CPU.ActiveCfg = Release|Any CPU
		{A567273B-1EDF-C10D-CFD9-C1EA9290AA2D}.Release|Any CPU.Build.0 = Release|Any CPU
		{BD00457B-18D7-70BF-816E-749A616744A7}.Debug|Any CPU.ActiveCfg = Debug|Any CPU
		{BD00457B-18D7-70BF-816E-749A616744A7}.Debug|Any CPU.Build.0 = Debug|Any CPU
		{BD00457B-18D7-70BF-816E-749A616744A7}.Release|Any CPU.ActiveCfg = Release|Any CPU
		{BD00457B-18D7-70BF-816E-749A616744A7}.Release|Any CPU.Build.0 = Release|Any CPU
		{08ECEF8C-1996-F939-DDAB-49F7D02CCB8F}.Debug|Any CPU.ActiveCfg = Debug|Any CPU
		{08ECEF8C-1996-F939-DDAB-49F7D02CCB8F}.Debug|Any CPU.Build.0 = Debug|Any CPU
		{08ECEF8C-1996-F939-DDAB-49F7D02CCB8F}.Release|Any CPU.ActiveCfg = Release|Any CPU
		{08ECEF8C-1996-F939-DDAB-49F7D02CCB8F}.Release|Any CPU.Build.0 = Release|Any CPU
		{7A1306BE-E50C-22E1-FFA0-82CA424155DD}.Debug|Any CPU.ActiveCfg = Debug|Any CPU
		{7A1306BE-E50C-22E1-FFA0-82CA424155DD}.Debug|Any CPU.Build.0 = Debug|Any CPU
		{7A1306BE-E50C-22E1-FFA0-82CA424155DD}.Release|Any CPU.ActiveCfg = Release|Any CPU
		{7A1306BE-E50C-22E1-FFA0-82CA424155DD}.Release|Any CPU.Build.0 = Release|Any CPU
		{C7FDF2A1-2BDC-A686-8CD5-F9AAC52E843D}.Debug|Any CPU.ActiveCfg = Debug|Any CPU
		{C7FDF2A1-2BDC-A686-8CD5-F9AAC52E843D}.Debug|Any CPU.Build.0 = Debug|Any CPU
		{C7FDF2A1-2BDC-A686-8CD5-F9AAC52E843D}.Release|Any CPU.ActiveCfg = Release|Any CPU
		{C7FDF2A1-2BDC-A686-8CD5-F9AAC52E843D}.Release|Any CPU.Build.0 = Release|Any CPU
		{9B810B5C-F593-83F2-CA74-DD1DD6951F39}.Debug|Any CPU.ActiveCfg = Debug|Any CPU
		{9B810B5C-F593-83F2-CA74-DD1DD6951F39}.Debug|Any CPU.Build.0 = Debug|Any CPU
		{9B810B5C-F593-83F2-CA74-DD1DD6951F39}.Release|Any CPU.ActiveCfg = Release|Any CPU
		{9B810B5C-F593-83F2-CA74-DD1DD6951F39}.Release|Any CPU.Build.0 = Release|Any CPU
		{30637BDC-493B-1612-B047-A59EFE823F2D}.Debug|Any CPU.ActiveCfg = Debug|Any CPU
		{30637BDC-493B-1612-B047-A59EFE823F2D}.Debug|Any CPU.Build.0 = Debug|Any CPU
		{30637BDC-493B-1612-B047-A59EFE823F2D}.Release|Any CPU.ActiveCfg = Release|Any CPU
		{30637BDC-493B-1612-B047-A59EFE823F2D}.Release|Any CPU.Build.0 = Release|Any CPU
		{7D2F70CD-BE64-64A3-24BA-55D69B3B82BB}.Debug|Any CPU.ActiveCfg = Debug|Any CPU
		{7D2F70CD-BE64-64A3-24BA-55D69B3B82BB}.Debug|Any CPU.Build.0 = Debug|Any CPU
		{7D2F70CD-BE64-64A3-24BA-55D69B3B82BB}.Release|Any CPU.ActiveCfg = Release|Any CPU
		{7D2F70CD-BE64-64A3-24BA-55D69B3B82BB}.Release|Any CPU.Build.0 = Release|Any CPU
		{3FDE4BF1-B2F0-88C4-C603-E289EA89CE2A}.Debug|Any CPU.ActiveCfg = Debug|Any CPU
		{3FDE4BF1-B2F0-88C4-C603-E289EA89CE2A}.Debug|Any CPU.Build.0 = Debug|Any CPU
		{3FDE4BF1-B2F0-88C4-C603-E289EA89CE2A}.Release|Any CPU.ActiveCfg = Release|Any CPU
		{3FDE4BF1-B2F0-88C4-C603-E289EA89CE2A}.Release|Any CPU.Build.0 = Release|Any CPU
		{20044F91-3F59-1E62-4466-DC659473E786}.Debug|Any CPU.ActiveCfg = Debug|Any CPU
		{20044F91-3F59-1E62-4466-DC659473E786}.Debug|Any CPU.Build.0 = Debug|Any CPU
		{20044F91-3F59-1E62-4466-DC659473E786}.Release|Any CPU.ActiveCfg = Release|Any CPU
		{20044F91-3F59-1E62-4466-DC659473E786}.Release|Any CPU.Build.0 = Release|Any CPU
		{E4A359B1-5A19-16EA-FA7E-FDAC79AC796F}.Debug|Any CPU.ActiveCfg = Debug|Any CPU
		{E4A359B1-5A19-16EA-FA7E-FDAC79AC796F}.Debug|Any CPU.Build.0 = Debug|Any CPU
		{E4A359B1-5A19-16EA-FA7E-FDAC79AC796F}.Release|Any CPU.ActiveCfg = Release|Any CPU
		{E4A359B1-5A19-16EA-FA7E-FDAC79AC796F}.Release|Any CPU.Build.0 = Release|Any CPU
	EndGlobalSection
	GlobalSection(SolutionProperties) = preSolution
		HideSolutionNode = FALSE
	EndGlobalSection
EndGlobal
